# THIS IS AN AUTOGENERATED FILE. DO NOT EDIT THIS FILE DIRECTLY.
# yarn lockfile v1


"@discordjs/builders@^0.11.0":
  "integrity" "sha512-ZTB8yJdJKrKlq44dpWkNUrAtEJEq0gqpb7ASdv4vmq6/mZal5kOv312hQ56I/vxwMre+VIkoHquNUAfnTbiYtg=="
  "resolved" "https://registry.npmjs.org/@discordjs/builders/-/builders-0.11.0.tgz"
  "version" "0.11.0"
  dependencies:
    "@sindresorhus/is" "^4.2.0"
    "discord-api-types" "^0.26.0"
    "ts-mixer" "^6.0.0"
    "tslib" "^2.3.1"
    "zod" "^3.11.6"

"@discordjs/builders@^0.13.0":
  "integrity" "sha512-4L9y26KRNNU8Y7J78SRUN1Uhava9D8jfit/YqEaKi8gQRc7PdqKqk2poybo6RXaiyt/BgKYPfcjxT7WvzGfYCA=="
  "resolved" "https://registry.npmjs.org/@discordjs/builders/-/builders-0.13.0.tgz"
  "version" "0.13.0"
  dependencies:
    "@sapphire/shapeshift" "^2.0.0"
    "@sindresorhus/is" "^4.6.0"
    "discord-api-types" "^0.31.1"
    "fast-deep-equal" "^3.1.3"
    "ts-mixer" "^6.0.1"
    "tslib" "^2.3.1"

"@discordjs/collection@^0.4.0":
  "integrity" "sha512-zmjq+l/rV35kE6zRrwe8BHqV78JvIh2ybJeZavBi5NySjWXqN3hmmAKg7kYMMXSeiWtSsMoZ/+MQi0DiQWy2lw=="
  "resolved" "https://registry.npmjs.org/@discordjs/collection/-/collection-0.4.0.tgz"
  "version" "0.4.0"

"@discordjs/collection@^0.7.0-dev":
  "integrity" "sha512-/6eYweo3mprHqYO+DTM89mZNp1AdvZelMZGSeiCUtMadhsdjycR1cfA08fRtivDGaRnvmecDaKIEfig9mXaRxw=="
  "resolved" "https://registry.npmjs.org/@discordjs/collection/-/collection-0.7.0-dev.1651493036-4ba0f56.tgz"
  "version" "0.7.0-dev.1651493036-4ba0f56"

"@discordjs/rest@^0.4.1":
  "integrity" "sha512-rtWy+AIfNlfjGkAgA2TJLASdqli07aTNQceVGT6RQQiQaEqV0nsfBO4WtDlDzk7PmO3w+InP3dpwEolJI5jz0A=="
  "resolved" "https://registry.npmjs.org/@discordjs/rest/-/rest-0.4.1.tgz"
  "version" "0.4.1"
  dependencies:
    "@discordjs/collection" "^0.7.0-dev"
    "@sapphire/async-queue" "^1.3.1"
    "@sapphire/snowflake" "^3.2.1"
    "@types/node-fetch" "^2.6.1"
    "discord-api-types" "^0.29.0"
    "form-data" "^4.0.0"
    "node-fetch" "^2.6.7"
    "tslib" "^2.3.1"

"@sapphire/async-queue@^1.1.9", "@sapphire/async-queue@^1.3.1":
  "integrity" "sha512-FFTlPOWZX1kDj9xCAsRzH5xEJfawg1lNoYAA+ecOWJMHOfiZYb1uXOI3ne9U4UILSEPwfE68p3T9wUHwIQfR0g=="
  "resolved" "https://registry.npmjs.org/@sapphire/async-queue/-/async-queue-1.3.1.tgz"
  "version" "1.3.1"

"@sapphire/shapeshift@^2.0.0":
  "integrity" "sha512-UEnKgMlQyI0yY/q+lCMX0VJft9y86IsesgbIQj6e62FBYSaMVr+IaMNpi4z45Q14VnuMACbK0yrbHISNqgUYcQ=="
  "resolved" "https://registry.npmjs.org/@sapphire/shapeshift/-/shapeshift-2.2.0.tgz"
  "version" "2.2.0"

"@sapphire/snowflake@^3.2.1":
  "integrity" "sha512-ula2O0kpSZtX9rKXNeQMrHwNd7E4jPDJYUXmEGTFdMRfyfMw+FPyh04oKMjAiDuOi64bYgVkOV3MjK+loImFhQ=="
  "resolved" "https://registry.npmjs.org/@sapphire/snowflake/-/snowflake-3.2.2.tgz"
  "version" "3.2.2"

"@sindresorhus/is@^4.2.0", "@sindresorhus/is@^4.6.0":
  "integrity" "sha512-t09vSN3MdfsyCHoFcTRCH/iUtG7OJ0CsjzB8cjAmKc/va/kIgeDI/TxsigdncE/4be734m0cvIYwNaV4i2XqAw=="
  "resolved" "https://registry.npmjs.org/@sindresorhus/is/-/is-4.6.0.tgz"
  "version" "4.6.0"

"@types/node-fetch@^2.5.12", "@types/node-fetch@^2.6.1":
  "integrity" "sha512-oMqjURCaxoSIsHSr1E47QHzbmzNR5rK8McHuNb11BOM9cHcIK3Avy0s/b2JlXHoQGTYS3NsvWzV1M0iK7l0wbA=="
  "resolved" "https://registry.npmjs.org/@types/node-fetch/-/node-fetch-2.6.1.tgz"
  "version" "2.6.1"
  dependencies:
    "@types/node" "*"
    "form-data" "^3.0.0"

"@types/node@*":
  "integrity" "sha512-eAIcfAvhf/BkHcf4pkLJ7ECpBAhh9kcxRBpip9cTiO+hf+aJrsxYxBeS6OXvOd9WqNAJmavXVpZvY1rBjNsXmw=="
  "resolved" "https://registry.npmjs.org/@types/node/-/node-17.0.32.tgz"
  "version" "17.0.32"

"@types/ws@^8.2.2":
  "integrity" "sha512-6YOoWjruKj1uLf3INHH7D3qTXwFfEsg1kf3c0uDdSBJwfa/llkwIjrAGV7j7mVgGNbzTQ3HiHKKDXl6bJPD97w=="
  "resolved" "https://registry.npmjs.org/@types/ws/-/ws-8.5.3.tgz"
  "version" "8.5.3"
  dependencies:
    "@types/node" "*"

"17@0.0.0":
  "integrity" "sha512-V0qHRdclvKnr7MquWZq/xVUSPMyA55QmPfAaYqcI9BlsIB6JkxKEtgV1XOxldIT5qz/CkpGat60iMC/IBnsjTw=="
  "resolved" "https://registry.npmjs.org/17/-/17-0.0.0.tgz"
  "version" "0.0.0"

"asynckit@^0.4.0":
  "integrity" "sha1-x57Zf380y48robyXkLzDZkdLS3k="
  "resolved" "https://registry.npmjs.org/asynckit/-/asynckit-0.4.0.tgz"
  "version" "0.4.0"

"combined-stream@^1.0.8":
  "integrity" "sha512-FQN4MRfuJeHf7cBbBMJFXhKSDq+2kAArBlmRBvcvFE5BB1HZKXtSFASDhdlz9zOYwxh8lDdnvmMOe/+5cdoEdg=="
  "resolved" "https://registry.npmjs.org/combined-stream/-/combined-stream-1.0.8.tgz"
  "version" "1.0.8"
  dependencies:
    "delayed-stream" "~1.0.0"

"delayed-stream@~1.0.0":
  "integrity" "sha1-3zrhmayt+31ECqrgsp4icrJOxhk="
  "resolved" "https://registry.npmjs.org/delayed-stream/-/delayed-stream-1.0.0.tgz"
  "version" "1.0.0"

"discord-api-types@^0.26.0":
  "integrity" "sha512-T5PdMQ+Y1MEECYMV5wmyi9VEYPagEDEi4S0amgsszpWY0VB9JJ/hEvM6BgLhbdnKky4gfmZEXtEEtojN8ZKJQQ=="
  "resolved" "https://registry.npmjs.org/discord-api-types/-/discord-api-types-0.26.1.tgz"
  "version" "0.26.1"

"discord-api-types@^0.29.0":
  "integrity" "sha512-Ekq1ICNpOTVajXKZguNFrsDeTmam+ZeA38txsNLZnANdXUjU6QBPIZLUQTC6MzigFGb0Tt8vk4xLnXmzv0shNg=="
  "resolved" "https://registry.npmjs.org/discord-api-types/-/discord-api-types-0.29.0.tgz"
  "version" "0.29.0"

"discord-api-types@^0.31.1":
  "integrity" "sha512-gpzXTvFVg7AjKVVJFH0oJGC0q0tO34iJGSHZNz9u3aqLxlD6LfxEs9wWVVikJqn9gra940oUTaPFizCkRDcEiA=="
  "resolved" "https://registry.npmjs.org/discord-api-types/-/discord-api-types-0.31.2.tgz"
  "version" "0.31.2"

"discord-api-types@^0.32.1":
  "integrity" "sha512-/ewl0CPYT5xjOC+SJ7wADJKjtpZfiiUaYXOP/Ns54lnBcv4Xqa4iKSqRF/w1fjiUvWTYN9W8UuOiyCHtmu5fJw=="
  "resolved" "https://registry.npmjs.org/discord-api-types/-/discord-api-types-0.32.1.tgz"
  "version" "0.32.1"

"discord.js@^13.6.0":
  "integrity" "sha512-tXNR8zgsEPxPBvGk3AQjJ9ljIIC6/LOPjzKwpwz8Y1Q2X66Vi3ZqFgRHYwnHKC0jC0F+l4LzxlhmOJsBZDNg9g=="
  "resolved" "https://registry.npmjs.org/discord.js/-/discord.js-13.6.0.tgz"
  "version" "13.6.0"
  dependencies:
    "@discordjs/builders" "^0.11.0"
    "@discordjs/collection" "^0.4.0"
    "@sapphire/async-queue" "^1.1.9"
    "@types/node-fetch" "^2.5.12"
    "@types/ws" "^8.2.2"
    "discord-api-types" "^0.26.0"
    "form-data" "^4.0.0"
    "node-fetch" "^2.6.1"
    "ws" "^8.4.0"

"fast-deep-equal@^3.1.3":
  "integrity" "sha512-f3qQ9oQy9j2AhBe/H9VC91wLmKBCCU/gDOnKNAYG5hswO7BLKj09Hc5HYNz9cGI++xlpDCIgDaitVs03ATR84Q=="
  "resolved" "https://registry.npmjs.org/fast-deep-equal/-/fast-deep-equal-3.1.3.tgz"
  "version" "3.1.3"

"form-data@^3.0.0":
  "integrity" "sha512-RHkBKtLWUVwd7SqRIvCZMEvAMoGUp0XU+seQiZejj0COz3RI3hWP4sCv3gZWWLjJTd7rGwcsF5eKZGii0r/hbg=="
  "resolved" "https://registry.npmjs.org/form-data/-/form-data-3.0.1.tgz"
  "version" "3.0.1"
  dependencies:
    "asynckit" "^0.4.0"
    "combined-stream" "^1.0.8"
    "mime-types" "^2.1.12"

"form-data@^4.0.0":
  "integrity" "sha512-ETEklSGi5t0QMZuiXoA/Q6vcnxcLQP5vdugSpuAyi6SVGi2clPPp+xgEhuMaHC+zGgn31Kd235W35f7Hykkaww=="
  "resolved" "https://registry.npmjs.org/form-data/-/form-data-4.0.0.tgz"
  "version" "4.0.0"
  dependencies:
    "asynckit" "^0.4.0"
    "combined-stream" "^1.0.8"
    "mime-types" "^2.1.12"

"mime-db@1.52.0":
  "integrity" "sha512-sPU4uV7dYlvtWJxwwxHD0PuihVNiE7TyAbQ5SWxDCB9mUYvOgroQOwYQQOKPJ8CIbE+1ETVlOoK1UC2nU3gYvg=="
  "resolved" "https://registry.npmjs.org/mime-db/-/mime-db-1.52.0.tgz"
  "version" "1.52.0"

"mime-types@^2.1.12":
  "integrity" "sha512-ZDY+bPm5zTTF+YpCrAU9nK0UgICYPT0QtT1NZWFv4s++TNkcgVaT0g6+4R2uI4MjQjzysHB1zxuWL50hzaeXiw=="
  "resolved" "https://registry.npmjs.org/mime-types/-/mime-types-2.1.35.tgz"
  "version" "2.1.35"
  dependencies:
    "mime-db" "1.52.0"

"node-fetch@^2.6.1":
  "integrity" "sha512-ZjMPFEfVx5j+y2yF35Kzx5sF7kDzxuDj6ziH4FFbOp87zKDZNx8yExJIb05OGF4Nlt9IHFIMBkRl41VdvcNdbQ=="
  "resolved" "https://registry.npmjs.org/node-fetch/-/node-fetch-2.6.7.tgz"
  "version" "2.6.7"
  dependencies:
    "whatwg-url" "^5.0.0"

"node-fetch@^2.6.7":
  "integrity" "sha512-ZjMPFEfVx5j+y2yF35Kzx5sF7kDzxuDj6ziH4FFbOp87zKDZNx8yExJIb05OGF4Nlt9IHFIMBkRl41VdvcNdbQ=="
  "resolved" "https://registry.npmjs.org/node-fetch/-/node-fetch-2.6.7.tgz"
  "version" "2.6.7"
  dependencies:
    "whatwg-url" "^5.0.0"

"node-fetch@2":
  "integrity" "sha512-ZjMPFEfVx5j+y2yF35Kzx5sF7kDzxuDj6ziH4FFbOp87zKDZNx8yExJIb05OGF4Nlt9IHFIMBkRl41VdvcNdbQ=="
  "resolved" "https://registry.npmjs.org/node-fetch/-/node-fetch-2.6.7.tgz"
  "version" "2.6.7"
  dependencies:
    "whatwg-url" "^5.0.0"

"shell-escape@^0.2.0":
  "integrity" "sha512-uRRBT2MfEOyxuECseCZd28jC1AJ8hmqqneWQ4VWUTgCAFvb3wKU1jLqj6egC4Exrr88ogg3dp+zroH4wJuaXzw=="
  "resolved" "https://registry.npmjs.org/shell-escape/-/shell-escape-0.2.0.tgz"
  "version" "0.2.0"

"tr46@~0.0.3":
  "integrity" "sha1-gYT9NH2snNwYWZLzpmIuFLnZq2o="
  "resolved" "https://registry.npmjs.org/tr46/-/tr46-0.0.3.tgz"
  "version" "0.0.3"

"ts-mixer@^6.0.0", "ts-mixer@^6.0.1":
  "integrity" "sha512-hvE+ZYXuINrx6Ei6D6hz+PTim0Uf++dYbK9FFifLNwQj+RwKquhQpn868yZsCtJYiclZF1u8l6WZxxKi+vv7Rg=="
  "resolved" "https://registry.npmjs.org/ts-mixer/-/ts-mixer-6.0.1.tgz"
  "version" "6.0.1"

"tslib@^2.3.1":
  "integrity" "sha512-d6xOpEDfsi2CZVlPQzGeux8XMwLT9hssAsaPYExaQMuYskwb+x1x7J371tWlbBdWHroy99KnVB6qIkUbs5X3UQ=="
  "resolved" "https://registry.npmjs.org/tslib/-/tslib-2.4.0.tgz"
  "version" "2.4.0"

"webidl-conversions@^3.0.0":
  "integrity" "sha1-JFNCdeKnvGvnvIZhHMFq4KVlSHE="
  "resolved" "https://registry.npmjs.org/webidl-conversions/-/webidl-conversions-3.0.1.tgz"
  "version" "3.0.1"

"whatwg-url@^5.0.0":
  "integrity" "sha1-lmRU6HZUYuN2RNNib2dCzotwll0="
  "resolved" "https://registry.npmjs.org/whatwg-url/-/whatwg-url-5.0.0.tgz"
  "version" "5.0.0"
  dependencies:
    "tr46" "~0.0.3"
    "webidl-conversions" "^3.0.0"

"ws@^8.4.0":
  "integrity" "sha512-AzmM3aH3gk0aX7/rZLYvjdvZooofDu3fFOzGqcSnQ1tOcTWwhM/o+q++E8mAyVVIyUdajrkzWUGftaVSDLn1bw=="
  "resolved" "https://registry.npmjs.org/ws/-/ws-8.6.0.tgz"
  "version" "8.6.0"

"zod@^3.11.6":
  "integrity" "sha512-szrIkryADbTM+xBt2a1KoS2CJQXec4f9xG78bj5MJeEH/XqmmHpnO+fG3IE115AKBJak+2HrbxLZkc9mhdbDKA=="
  "resolved" "https://registry.npmjs.org/zod/-/zod-3.16.0.tgz"
  "version" "3.16.0"
